
Microsoft Visual Studio Solution File, Format Version 12.00
# Visual Studio 15
VisualStudioVersion = 15.0.28307.1525
MinimumVisualStudioVersion = 10.0.40219.1
Project("{159641D6-6404-4A2A-AE62-294DE0FE8301}") = "Desafio2_Movilidad_ETL", "Desafio2_Movilidad_ETL\Desafio2_Movilidad_ETL.dtproj", "{BEFC9CD3-1E5F-44F9-8273-E8C45776FEAB}"
EndProject
Global
	GlobalSection(SolutionConfigurationPlatforms) = preSolution
		Development|Default = Development|Default
	EndGlobalSection
	GlobalSection(ProjectConfigurationPlatforms) = postSolution
		{BEFC9CD3-1E5F-44F9-8273-E8C45776FEAB}.Development|Default.ActiveCfg = Development
		{BEFC9CD3-1E5F-44F9-8273-E8C45776FEAB}.Development|Default.Build.0 = Development
	EndGlobalSection
	GlobalSection(SolutionProperties) = preSolution
		HideSolutionNode = FALSE
	EndGlobalSection
	GlobalSection(ExtensibilityGlobals) = postSolution
		SolutionGuid = {6FAA685C-22B8-45EB-B36A-C3B7A9AD09CA}
	EndGlobalSection
EndGlobal
